// !$*UTF8*$!
{
	archiveVersion = 1;
	classes = {
	};
	objectVersion = 46;
	objects = {

/* Begin PBXBuildFile section */
		C49A05F1190B3843000751E4 /* ProteinTableViewController.m in Sources */ = {isa = PBXBuildFile; fileRef = C49A05F0190B3843000751E4 /* ProteinTableViewController.m */; };
		C49A05F4190B39AC000751E4 /* XMLReader.m in Sources */ = {isa = PBXBuildFile; fileRef = C49A05F3190B39AC000751E4 /* XMLReader.m */; };
		C49A05F8190B5567000751E4 /* atomObject.m in Sources */ = {isa = PBXBuildFile; fileRef = C49A05F7190B5567000751E4 /* atomObject.m */; };
		C49A05FB190B7851000751E4 /* STCollapseTableView.m in Sources */ = {isa = PBXBuildFile; fileRef = C49A05FA190B7851000751E4 /* STCollapseTableView.m */; };
		C4E7118318FE0BA500D6A098 /* Foundation.framework in Frameworks */ = {isa = PBXBuildFile; fileRef = C4E7118218FE0BA500D6A098 /* Foundation.framework */; };
		C4E7118518FE0BA500D6A098 /* CoreGraphics.framework in Frameworks */ = {isa = PBXBuildFile; fileRef = C4E7118418FE0BA500D6A098 /* CoreGraphics.framework */; };
		C4E7118718FE0BA500D6A098 /* UIKit.framework in Frameworks */ = {isa = PBXBuildFile; fileRef = C4E7118618FE0BA500D6A098 /* UIKit.framework */; };
		C4E7118D18FE0BA500D6A098 /* InfoPlist.strings in Resources */ = {isa = PBXBuildFile; fileRef = C4E7118B18FE0BA500D6A098 /* InfoPlist.strings */; };
		C4E7118F18FE0BA500D6A098 /* main.m in Sources */ = {isa = PBXBuildFile; fileRef = C4E7118E18FE0BA500D6A098 /* main.m */; };
		C4E7119318FE0BA500D6A098 /* AppDelegate.m in Sources */ = {isa = PBXBuildFile; fileRef = C4E7119218FE0BA500D6A098 /* AppDelegate.m */; };
		C4E7119618FE0BA500D6A098 /* Main.storyboard in Resources */ = {isa = PBXBuildFile; fileRef = C4E7119418FE0BA500D6A098 /* Main.storyboard */; };
		C4E7119B18FE0BA500D6A098 /* Images.xcassets in Resources */ = {isa = PBXBuildFile; fileRef = C4E7119A18FE0BA500D6A098 /* Images.xcassets */; };
		C4E711A218FE0BA500D6A098 /* XCTest.framework in Frameworks */ = {isa = PBXBuildFile; fileRef = C4E711A118FE0BA500D6A098 /* XCTest.framework */; };
		C4E711A318FE0BA500D6A098 /* Foundation.framework in Frameworks */ = {isa = PBXBuildFile; fileRef = C4E7118218FE0BA500D6A098 /* Foundation.framework */; };
		C4E711A418FE0BA500D6A098 /* UIKit.framework in Frameworks */ = {isa = PBXBuildFile; fileRef = C4E7118618FE0BA500D6A098 /* UIKit.framework */; };
		C4E711AC18FE0BA500D6A098 /* InfoPlist.strings in Resources */ = {isa = PBXBuildFile; fileRef = C4E711AA18FE0BA500D6A098 /* InfoPlist.strings */; };
		C4E711AE18FE0BA500D6A098 /* bioTests.m in Sources */ = {isa = PBXBuildFile; fileRef = C4E711AD18FE0BA500D6A098 /* bioTests.m */; };
		C4E711B918FE0D2200D6A098 /* TableViewController.m in Sources */ = {isa = PBXBuildFile; fileRef = C4E711B818FE0D2200D6A098 /* TableViewController.m */; };
		C4E711C018FE0F9200D6A098 /* libsqlite3.0.dylib in Frameworks */ = {isa = PBXBuildFile; fileRef = C4E711BF18FE0F9200D6A098 /* libsqlite3.0.dylib */; };
		C4E711C318FE1C0400D6A098 /* SQLiteDatabase.m in Sources */ = {isa = PBXBuildFile; fileRef = C4E711C218FE1C0400D6A098 /* SQLiteDatabase.m */; };
		C4E711C518FE1EF700D6A098 /* dna.sqlite3 in Resources */ = {isa = PBXBuildFile; fileRef = C4E711C418FE1EF700D6A098 /* dna.sqlite3 */; };
		C4E711DA18FE291600D6A098 /* AFHTTPRequestOperation.m in Sources */ = {isa = PBXBuildFile; fileRef = C4E711C818FE291600D6A098 /* AFHTTPRequestOperation.m */; };
		C4E711DB18FE291600D6A098 /* AFHTTPRequestOperationManager.m in Sources */ = {isa = PBXBuildFile; fileRef = C4E711CA18FE291600D6A098 /* AFHTTPRequestOperationManager.m */; };
		C4E711DC18FE291600D6A098 /* AFHTTPSessionManager.m in Sources */ = {isa = PBXBuildFile; fileRef = C4E711CC18FE291600D6A098 /* AFHTTPSessionManager.m */; };
		C4E711DD18FE291600D6A098 /* AFNetworkReachabilityManager.m in Sources */ = {isa = PBXBuildFile; fileRef = C4E711CF18FE291600D6A098 /* AFNetworkReachabilityManager.m */; };
		C4E711DE18FE291600D6A098 /* AFSecurityPolicy.m in Sources */ = {isa = PBXBuildFile; fileRef = C4E711D118FE291600D6A098 /* AFSecurityPolicy.m */; };
		C4E711DF18FE291600D6A098 /* AFURLConnectionOperation.m in Sources */ = {isa = PBXBuildFile; fileRef = C4E711D318FE291600D6A098 /* AFURLConnectionOperation.m */; };
		C4E711E018FE291600D6A098 /* AFURLRequestSerialization.m in Sources */ = {isa = PBXBuildFile; fileRef = C4E711D518FE291600D6A098 /* AFURLRequestSerialization.m */; };
		C4E711E118FE291600D6A098 /* AFURLResponseSerialization.m in Sources */ = {isa = PBXBuildFile; fileRef = C4E711D718FE291600D6A098 /* AFURLResponseSerialization.m */; };
		C4E711E218FE291600D6A098 /* AFURLSessionManager.m in Sources */ = {isa = PBXBuildFile; fileRef = C4E711D918FE291600D6A098 /* AFURLSessionManager.m */; };
/* End PBXBuildFile section */

/* Begin PBXContainerItemProxy section */
		C4E711A518FE0BA500D6A098 /* PBXContainerItemProxy */ = {
			isa = PBXContainerItemProxy;
			containerPortal = C4E7117718FE0BA500D6A098 /* Project object */;
			proxyType = 1;
			remoteGlobalIDString = C4E7117E18FE0BA500D6A098;
			remoteInfo = bio;
		};
/* End PBXContainerItemProxy section */

/* Begin PBXFileReference section */
		C49A05EF190B3843000751E4 /* ProteinTableViewController.h */ = {isa = PBXFileReference; fileEncoding = 4; lastKnownFileType = sourcecode.c.h; path = ProteinTableViewController.h; sourceTree = "<group>"; };
		C49A05F0190B3843000751E4 /* ProteinTableViewController.m */ = {isa = PBXFileReference; fileEncoding = 4; lastKnownFileType = sourcecode.c.objc; path = ProteinTableViewController.m; sourceTree = "<group>"; };
		C49A05F2190B39AC000751E4 /* XMLReader.h */ = {isa = PBXFileReference; fileEncoding = 4; lastKnownFileType = sourcecode.c.h; path = XMLReader.h; sourceTree = "<group>"; };
		C49A05F3190B39AC000751E4 /* XMLReader.m */ = {isa = PBXFileReference; fileEncoding = 4; lastKnownFileType = sourcecode.c.objc; path = XMLReader.m; sourceTree = "<group>"; };
		C49A05F6190B5567000751E4 /* atomObject.h */ = {isa = PBXFileReference; fileEncoding = 4; lastKnownFileType = sourcecode.c.h; name = atomObject.h; path = bio/atomObject.h; sourceTree = "<group>"; };
		C49A05F7190B5567000751E4 /* atomObject.m */ = {isa = PBXFileReference; fileEncoding = 4; lastKnownFileType = sourcecode.c.objc; name = atomObject.m; path = bio/atomObject.m; sourceTree = "<group>"; };
		C49A05F9190B7851000751E4 /* STCollapseTableView.h */ = {isa = PBXFileReference; fileEncoding = 4; lastKnownFileType = sourcecode.c.h; path = STCollapseTableView.h; sourceTree = "<group>"; };
		C49A05FA190B7851000751E4 /* STCollapseTableView.m */ = {isa = PBXFileReference; fileEncoding = 4; lastKnownFileType = sourcecode.c.objc; path = STCollapseTableView.m; sourceTree = "<group>"; };
		C4E7117F18FE0BA500D6A098 /* bio.app */ = {isa = PBXFileReference; explicitFileType = wrapper.application; includeInIndex = 0; path = bio.app; sourceTree = BUILT_PRODUCTS_DIR; };
		C4E7118218FE0BA500D6A098 /* Foundation.framework */ = {isa = PBXFileReference; lastKnownFileType = wrapper.framework; name = Foundation.framework; path = System/Library/Frameworks/Foundation.framework; sourceTree = SDKROOT; };
		C4E7118418FE0BA500D6A098 /* CoreGraphics.framework */ = {isa = PBXFileReference; lastKnownFileType = wrapper.framework; name = CoreGraphics.framework; path = System/Library/Frameworks/CoreGraphics.framework; sourceTree = SDKROOT; };
		C4E7118618FE0BA500D6A098 /* UIKit.framework */ = {isa = PBXFileReference; lastKnownFileType = wrapper.framework; name = UIKit.framework; path = System/Library/Frameworks/UIKit.framework; sourceTree = SDKROOT; };
		C4E7118A18FE0BA500D6A098 /* bio-Info.plist */ = {isa = PBXFileReference; lastKnownFileType = text.plist.xml; path = "bio-Info.plist"; sourceTree = "<group>"; };
		C4E7118C18FE0BA500D6A098 /* en */ = {isa = PBXFileReference; lastKnownFileType = text.plist.strings; name = en; path = en.lproj/InfoPlist.strings; sourceTree = "<group>"; };
		C4E7118E18FE0BA500D6A098 /* main.m */ = {isa = PBXFileReference; lastKnownFileType = sourcecode.c.objc; path = main.m; sourceTree = "<group>"; };
		C4E7119018FE0BA500D6A098 /* bio-Prefix.pch */ = {isa = PBXFileReference; lastKnownFileType = sourcecode.c.h; path = "bio-Prefix.pch"; sourceTree = "<group>"; };
		C4E7119118FE0BA500D6A098 /* AppDelegate.h */ = {isa = PBXFileReference; lastKnownFileType = sourcecode.c.h; path = AppDelegate.h; sourceTree = "<group>"; };
		C4E7119218FE0BA500D6A098 /* AppDelegate.m */ = {isa = PBXFileReference; lastKnownFileType = sourcecode.c.objc; path = AppDelegate.m; sourceTree = "<group>"; };
		C4E7119518FE0BA500D6A098 /* Base */ = {isa = PBXFileReference; lastKnownFileType = file.storyboard; name = Base; path = Base.lproj/Main.storyboard; sourceTree = "<group>"; };
		C4E7119A18FE0BA500D6A098 /* Images.xcassets */ = {isa = PBXFileReference; lastKnownFileType = folder.assetcatalog; path = Images.xcassets; sourceTree = "<group>"; };
		C4E711A018FE0BA500D6A098 /* bioTests.xctest */ = {isa = PBXFileReference; explicitFileType = wrapper.cfbundle; includeInIndex = 0; path = bioTests.xctest; sourceTree = BUILT_PRODUCTS_DIR; };
		C4E711A118FE0BA500D6A098 /* XCTest.framework */ = {isa = PBXFileReference; lastKnownFileType = wrapper.framework; name = XCTest.framework; path = Library/Frameworks/XCTest.framework; sourceTree = DEVELOPER_DIR; };
		C4E711A918FE0BA500D6A098 /* bioTests-Info.plist */ = {isa = PBXFileReference; lastKnownFileType = text.plist.xml; path = "bioTests-Info.plist"; sourceTree = "<group>"; };
		C4E711AB18FE0BA500D6A098 /* en */ = {isa = PBXFileReference; lastKnownFileType = text.plist.strings; name = en; path = en.lproj/InfoPlist.strings; sourceTree = "<group>"; };
		C4E711AD18FE0BA500D6A098 /* bioTests.m */ = {isa = PBXFileReference; lastKnownFileType = sourcecode.c.objc; path = bioTests.m; sourceTree = "<group>"; };
		C4E711B718FE0D2200D6A098 /* TableViewController.h */ = {isa = PBXFileReference; fileEncoding = 4; lastKnownFileType = sourcecode.c.h; path = TableViewController.h; sourceTree = "<group>"; };
		C4E711B818FE0D2200D6A098 /* TableViewController.m */ = {isa = PBXFileReference; fileEncoding = 4; lastKnownFileType = sourcecode.c.objc; path = TableViewController.m; sourceTree = "<group>"; };
		C4E711BF18FE0F9200D6A098 /* libsqlite3.0.dylib */ = {isa = PBXFileReference; lastKnownFileType = "compiled.mach-o.dylib"; name = libsqlite3.0.dylib; path = usr/lib/libsqlite3.0.dylib; sourceTree = SDKROOT; };
		C4E711C118FE1C0400D6A098 /* SQLiteDatabase.h */ = {isa = PBXFileReference; fileEncoding = 4; lastKnownFileType = sourcecode.c.h; path = SQLiteDatabase.h; sourceTree = "<group>"; };
		C4E711C218FE1C0400D6A098 /* SQLiteDatabase.m */ = {isa = PBXFileReference; fileEncoding = 4; lastKnownFileType = sourcecode.c.objc; path = SQLiteDatabase.m; sourceTree = "<group>"; };
		C4E711C418FE1EF700D6A098 /* dna.sqlite3 */ = {isa = PBXFileReference; lastKnownFileType = file; path = dna.sqlite3; sourceTree = "<group>"; };
		C4E711C718FE291600D6A098 /* AFHTTPRequestOperation.h */ = {isa = PBXFileReference; fileEncoding = 4; lastKnownFileType = sourcecode.c.h; path = AFHTTPRequestOperation.h; sourceTree = "<group>"; };
		C4E711C818FE291600D6A098 /* AFHTTPRequestOperation.m */ = {isa = PBXFileReference; fileEncoding = 4; lastKnownFileType = sourcecode.c.objc; path = AFHTTPRequestOperation.m; sourceTree = "<group>"; };
		C4E711C918FE291600D6A098 /* AFHTTPRequestOperationManager.h */ = {isa = PBXFileReference; fileEncoding = 4; lastKnownFileType = sourcecode.c.h; path = AFHTTPRequestOperationManager.h; sourceTree = "<group>"; };
		C4E711CA18FE291600D6A098 /* AFHTTPRequestOperationManager.m */ = {isa = PBXFileReference; fileEncoding = 4; lastKnownFileType = sourcecode.c.objc; path = AFHTTPRequestOperationManager.m; sourceTree = "<group>"; };
		C4E711CB18FE291600D6A098 /* AFHTTPSessionManager.h */ = {isa = PBXFileReference; fileEncoding = 4; lastKnownFileType = sourcecode.c.h; path = AFHTTPSessionManager.h; sourceTree = "<group>"; };
		C4E711CC18FE291600D6A098 /* AFHTTPSessionManager.m */ = {isa = PBXFileReference; fileEncoding = 4; lastKnownFileType = sourcecode.c.objc; path = AFHTTPSessionManager.m; sourceTree = "<group>"; };
		C4E711CD18FE291600D6A098 /* AFNetworking.h */ = {isa = PBXFileReference; fileEncoding = 4; lastKnownFileType = sourcecode.c.h; path = AFNetworking.h; sourceTree = "<group>"; };
		C4E711CE18FE291600D6A098 /* AFNetworkReachabilityManager.h */ = {isa = PBXFileReference; fileEncoding = 4; lastKnownFileType = sourcecode.c.h; path = AFNetworkReachabilityManager.h; sourceTree = "<group>"; };
		C4E711CF18FE291600D6A098 /* AFNetworkReachabilityManager.m */ = {isa = PBXFileReference; fileEncoding = 4; lastKnownFileType = sourcecode.c.objc; path = AFNetworkReachabilityManager.m; sourceTree = "<group>"; };
		C4E711D018FE291600D6A098 /* AFSecurityPolicy.h */ = {isa = PBXFileReference; fileEncoding = 4; lastKnownFileType = sourcecode.c.h; path = AFSecurityPolicy.h; sourceTree = "<group>"; };
		C4E711D118FE291600D6A098 /* AFSecurityPolicy.m */ = {isa = PBXFileReference; fileEncoding = 4; lastKnownFileType = sourcecode.c.objc; path = AFSecurityPolicy.m; sourceTree = "<group>"; };
		C4E711D218FE291600D6A098 /* AFURLConnectionOperation.h */ = {isa = PBXFileReference; fileEncoding = 4; lastKnownFileType = sourcecode.c.h; path = AFURLConnectionOperation.h; sourceTree = "<group>"; };
		C4E711D318FE291600D6A098 /* AFURLConnectionOperation.m */ = {isa = PBXFileReference; fileEncoding = 4; lastKnownFileType = sourcecode.c.objc; path = AFURLConnectionOperation.m; sourceTree = "<group>"; };
		C4E711D418FE291600D6A098 /* AFURLRequestSerialization.h */ = {isa = PBXFileReference; fileEncoding = 4; lastKnownFileType = sourcecode.c.h; path = AFURLRequestSerialization.h; sourceTree = "<group>"; };
		C4E711D518FE291600D6A098 /* AFURLRequestSerialization.m */ = {isa = PBXFileReference; fileEncoding = 4; lastKnownFileType = sourcecode.c.objc; path = AFURLRequestSerialization.m; sourceTree = "<group>"; };
		C4E711D618FE291600D6A098 /* AFURLResponseSerialization.h */ = {isa = PBXFileReference; fileEncoding = 4; lastKnownFileType = sourcecode.c.h; path = AFURLResponseSerialization.h; sourceTree = "<group>"; };
		C4E711D718FE291600D6A098 /* AFURLResponseSerialization.m */ = {isa = PBXFileReference; fileEncoding = 4; lastKnownFileType = sourcecode.c.objc; path = AFURLResponseSerialization.m; sourceTree = "<group>"; };
		C4E711D818FE291600D6A098 /* AFURLSessionManager.h */ = {isa = PBXFileReference; fileEncoding = 4; lastKnownFileType = sourcecode.c.h; path = AFURLSessionManager.h; sourceTree = "<group>"; };
		C4E711D918FE291600D6A098 /* AFURLSessionManager.m */ = {isa = PBXFileReference; fileEncoding = 4; lastKnownFileType = sourcecode.c.objc; path = AFURLSessionManager.m; sourceTree = "<group>"; };
/* End PBXFileReference section */

/* Begin PBXFrameworksBuildPhase section */
		C4E7117C18FE0BA500D6A098 /* Frameworks */ = {
			isa = PBXFrameworksBuildPhase;
			buildActionMask = 2147483647;
			files = (
				C4E711C018FE0F9200D6A098 /* libsqlite3.0.dylib in Frameworks */,
				C4E7118518FE0BA500D6A098 /* CoreGraphics.framework in Frameworks */,
				C4E7118718FE0BA500D6A098 /* UIKit.framework in Frameworks */,
				C4E7118318FE0BA500D6A098 /* Foundation.framework in Frameworks */,
			);
			runOnlyForDeploymentPostprocessing = 0;
		};
		C4E7119D18FE0BA500D6A098 /* Frameworks */ = {
			isa = PBXFrameworksBuildPhase;
			buildActionMask = 2147483647;
			files = (
				C4E711A218FE0BA500D6A098 /* XCTest.framework in Frameworks */,
				C4E711A418FE0BA500D6A098 /* UIKit.framework in Frameworks */,
				C4E711A318FE0BA500D6A098 /* Foundation.framework in Frameworks */,
			);
			runOnlyForDeploymentPostprocessing = 0;
		};
/* End PBXFrameworksBuildPhase section */

/* Begin PBXGroup section */
		C49A05F5190B39B3000751E4 /* XMLReader */ = {
			isa = PBXGroup;
			children = (
				C49A05F2190B39AC000751E4 /* XMLReader.h */,
				C49A05F3190B39AC000751E4 /* XMLReader.m */,
			);
			name = XMLReader;
			sourceTree = "<group>";
		};
		C4E7117618FE0BA500D6A098 = {
			isa = PBXGroup;
			children = (
				C49A05F6190B5567000751E4 /* atomObject.h */,
				C49A05F7190B5567000751E4 /* atomObject.m */,
				C4E7118818FE0BA500D6A098 /* bio */,
				C4E711A718FE0BA500D6A098 /* bioTests */,
				C4E7118118FE0BA500D6A098 /* Frameworks */,
				C4E7118018FE0BA500D6A098 /* Products */,
			);
			sourceTree = "<group>";
		};
		C4E7118018FE0BA500D6A098 /* Products */ = {
			isa = PBXGroup;
			children = (
				C4E7117F18FE0BA500D6A098 /* bio.app */,
				C4E711A018FE0BA500D6A098 /* bioTests.xctest */,
			);
			name = Products;
			sourceTree = "<group>";
		};
		C4E7118118FE0BA500D6A098 /* Frameworks */ = {
			isa = PBXGroup;
			children = (
				C4E711BF18FE0F9200D6A098 /* libsqlite3.0.dylib */,
				C4E7118218FE0BA500D6A098 /* Foundation.framework */,
				C4E7118418FE0BA500D6A098 /* CoreGraphics.framework */,
				C4E7118618FE0BA500D6A098 /* UIKit.framework */,
				C4E711A118FE0BA500D6A098 /* XCTest.framework */,
			);
			name = Frameworks;
			sourceTree = "<group>";
		};
		C4E7118818FE0BA500D6A098 /* bio */ = {
			isa = PBXGroup;
			children = (
				C4E7119118FE0BA500D6A098 /* AppDelegate.h */,
				C4E7119218FE0BA500D6A098 /* AppDelegate.m */,
				C4E7119418FE0BA500D6A098 /* Main.storyboard */,
				C4E711B718FE0D2200D6A098 /* TableViewController.h */,
				C4E711B818FE0D2200D6A098 /* TableViewController.m */,
				C49A05F9190B7851000751E4 /* STCollapseTableView.h */,
				C49A05FA190B7851000751E4 /* STCollapseTableView.m */,
				C49A05EF190B3843000751E4 /* ProteinTableViewController.h */,
				C49A05F0190B3843000751E4 /* ProteinTableViewController.m */,
				C4E7119A18FE0BA500D6A098 /* Images.xcassets */,
				C49A05F5190B39B3000751E4 /* XMLReader */,
				C4E711C618FE291600D6A098 /* AFNetworking */,
				C4E711BE18FE0F3D00D6A098 /* Database */,
				C4E7118918FE0BA500D6A098 /* Supporting Files */,
			);
			path = bio;
			sourceTree = "<group>";
		};
		C4E7118918FE0BA500D6A098 /* Supporting Files */ = {
			isa = PBXGroup;
			children = (
				C4E7118A18FE0BA500D6A098 /* bio-Info.plist */,
				C4E7118B18FE0BA500D6A098 /* InfoPlist.strings */,
				C4E7118E18FE0BA500D6A098 /* main.m */,
				C4E7119018FE0BA500D6A098 /* bio-Prefix.pch */,
			);
			name = "Supporting Files";
			sourceTree = "<group>";
		};
		C4E711A718FE0BA500D6A098 /* bioTests */ = {
			isa = PBXGroup;
			children = (
				C4E711AD18FE0BA500D6A098 /* bioTests.m */,
				C4E711A818FE0BA500D6A098 /* Supporting Files */,
			);
			path = bioTests;
			sourceTree = "<group>";
		};
		C4E711A818FE0BA500D6A098 /* Supporting Files */ = {
			isa = PBXGroup;
			children = (
				C4E711A918FE0BA500D6A098 /* bioTests-Info.plist */,
				C4E711AA18FE0BA500D6A098 /* InfoPlist.strings */,
			);
			name = "Supporting Files";
			sourceTree = "<group>";
		};
		C4E711BE18FE0F3D00D6A098 /* Database */ = {
			isa = PBXGroup;
			children = (
				C4E711C418FE1EF700D6A098 /* dna.sqlite3 */,
				C4E711C118FE1C0400D6A098 /* SQLiteDatabase.h */,
				C4E711C218FE1C0400D6A098 /* SQLiteDatabase.m */,
			);
			name = Database;
			sourceTree = "<group>";
		};
		C4E711C618FE291600D6A098 /* AFNetworking */ = {
			isa = PBXGroup;
			children = (
				C4E711C718FE291600D6A098 /* AFHTTPRequestOperation.h */,
				C4E711C818FE291600D6A098 /* AFHTTPRequestOperation.m */,
				C4E711C918FE291600D6A098 /* AFHTTPRequestOperationManager.h */,
				C4E711CA18FE291600D6A098 /* AFHTTPRequestOperationManager.m */,
				C4E711CB18FE291600D6A098 /* AFHTTPSessionManager.h */,
				C4E711CC18FE291600D6A098 /* AFHTTPSessionManager.m */,
				C4E711CD18FE291600D6A098 /* AFNetworking.h */,
				C4E711CE18FE291600D6A098 /* AFNetworkReachabilityManager.h */,
				C4E711CF18FE291600D6A098 /* AFNetworkReachabilityManager.m */,
				C4E711D018FE291600D6A098 /* AFSecurityPolicy.h */,
				C4E711D118FE291600D6A098 /* AFSecurityPolicy.m */,
				C4E711D218FE291600D6A098 /* AFURLConnectionOperation.h */,
				C4E711D318FE291600D6A098 /* AFURLConnectionOperation.m */,
				C4E711D418FE291600D6A098 /* AFURLRequestSerialization.h */,
				C4E711D518FE291600D6A098 /* AFURLRequestSerialization.m */,
				C4E711D618FE291600D6A098 /* AFURLResponseSerialization.h */,
				C4E711D718FE291600D6A098 /* AFURLResponseSerialization.m */,
				C4E711D818FE291600D6A098 /* AFURLSessionManager.h */,
				C4E711D918FE291600D6A098 /* AFURLSessionManager.m */,
			);
			path = AFNetworking;
			sourceTree = "<group>";
		};
/* End PBXGroup section */

/* Begin PBXNativeTarget section */
		C4E7117E18FE0BA500D6A098 /* bio */ = {
			isa = PBXNativeTarget;
			buildConfigurationList = C4E711B118FE0BA500D6A098 /* Build configuration list for PBXNativeTarget "bio" */;
			buildPhases = (
				C4E7117B18FE0BA500D6A098 /* Sources */,
				C4E7117C18FE0BA500D6A098 /* Frameworks */,
				C4E7117D18FE0BA500D6A098 /* Resources */,
			);
			buildRules = (
			);
			dependencies = (
			);
			name = bio;
			productName = bio;
			productReference = C4E7117F18FE0BA500D6A098 /* bio.app */;
			productType = "com.apple.product-type.application";
		};
		C4E7119F18FE0BA500D6A098 /* bioTests */ = {
			isa = PBXNativeTarget;
			buildConfigurationList = C4E711B418FE0BA500D6A098 /* Build configuration list for PBXNativeTarget "bioTests" */;
			buildPhases = (
				C4E7119C18FE0BA500D6A098 /* Sources */,
				C4E7119D18FE0BA500D6A098 /* Frameworks */,
				C4E7119E18FE0BA500D6A098 /* Resources */,
			);
			buildRules = (
			);
			dependencies = (
				C4E711A618FE0BA500D6A098 /* PBXTargetDependency */,
			);
			name = bioTests;
			productName = bioTests;
			productReference = C4E711A018FE0BA500D6A098 /* bioTests.xctest */;
			productType = "com.apple.product-type.bundle.unit-test";
		};
/* End PBXNativeTarget section */

/* Begin PBXProject section */
		C4E7117718FE0BA500D6A098 /* Project object */ = {
			isa = PBXProject;
			attributes = {
				LastUpgradeCheck = 0510;
				ORGANIZATIONNAME = "Andre Woodley";
				TargetAttributes = {
					C4E7119F18FE0BA500D6A098 = {
						TestTargetID = C4E7117E18FE0BA500D6A098;
					};
				};
			};
			buildConfigurationList = C4E7117A18FE0BA500D6A098 /* Build configuration list for PBXProject "bio" */;
			compatibilityVersion = "Xcode 3.2";
			developmentRegion = English;
			hasScannedForEncodings = 0;
			knownRegions = (
				en,
				Base,
			);
			mainGroup = C4E7117618FE0BA500D6A098;
			productRefGroup = C4E7118018FE0BA500D6A098 /* Products */;
			projectDirPath = "";
			projectRoot = "";
			targets = (
				C4E7117E18FE0BA500D6A098 /* bio */,
				C4E7119F18FE0BA500D6A098 /* bioTests */,
			);
		};
/* End PBXProject section */

/* Begin PBXResourcesBuildPhase section */
		C4E7117D18FE0BA500D6A098 /* Resources */ = {
			isa = PBXResourcesBuildPhase;
			buildActionMask = 2147483647;
			files = (
				C4E7119B18FE0BA500D6A098 /* Images.xcassets in Resources */,
				C4E711C518FE1EF700D6A098 /* dna.sqlite3 in Resources */,
				C4E7118D18FE0BA500D6A098 /* InfoPlist.strings in Resources */,
				C4E7119618FE0BA500D6A098 /* Main.storyboard in Resources */,
			);
			runOnlyForDeploymentPostprocessing = 0;
		};
		C4E7119E18FE0BA500D6A098 /* Resources */ = {
			isa = PBXResourcesBuildPhase;
			buildActionMask = 2147483647;
			files = (
				C4E711AC18FE0BA500D6A098 /* InfoPlist.strings in Resources */,
			);
			runOnlyForDeploymentPostprocessing = 0;
		};
/* End PBXResourcesBuildPhase section */

/* Begin PBXSourcesBuildPhase section */
		C4E7117B18FE0BA500D6A098 /* Sources */ = {
			isa = PBXSourcesBuildPhase;
			buildActionMask = 2147483647;
			files = (
				C4E7119318FE0BA500D6A098 /* AppDelegate.m in Sources */,
				C4E711DE18FE291600D6A098 /* AFSecurityPolicy.m in Sources */,
				C4E711B918FE0D2200D6A098 /* TableViewController.m in Sources */,
				C4E711DB18FE291600D6A098 /* AFHTTPRequestOperationManager.m in Sources */,
				C4E711DF18FE291600D6A098 /* AFURLConnectionOperation.m in Sources */,
				C4E711DA18FE291600D6A098 /* AFHTTPRequestOperation.m in Sources */,
				C4E711C318FE1C0400D6A098 /* SQLiteDatabase.m in Sources */,
				C49A05F4190B39AC000751E4 /* XMLReader.m in Sources */,
				C4E711E018FE291600D6A098 /* AFURLRequestSerialization.m in Sources */,
				C4E711DC18FE291600D6A098 /* AFHTTPSessionManager.m in Sources */,
				C4E711DD18FE291600D6A098 /* AFNetworkReachabilityManager.m in Sources */,
				C49A05FB190B7851000751E4 /* STCollapseTableView.m in Sources */,
				C4E711E118FE291600D6A098 /* AFURLResponseSerialization.m in Sources */,
				C4E711E218FE291600D6A098 /* AFURLSessionManager.m in Sources */,
				C4E7118F18FE0BA500D6A098 /* main.m in Sources */,
				C49A05F1190B3843000751E4 /* ProteinTableViewController.m in Sources */,
				C49A05F8190B5567000751E4 /* atomObject.m in Sources */,
			);
			runOnlyForDeploymentPostprocessing = 0;
		};
		C4E7119C18FE0BA500D6A098 /* Sources */ = {
			isa = PBXSourcesBuildPhase;
			buildActionMask = 2147483647;
			files = (
				C4E711AE18FE0BA500D6A098 /* bioTests.m in Sources */,
			);
			runOnlyForDeploymentPostprocessing = 0;
		};
/* End PBXSourcesBuildPhase section */

/* Begin PBXTargetDependency section */
		C4E711A618FE0BA500D6A098 /* PBXTargetDependency */ = {
			isa = PBXTargetDependency;
			target = C4E7117E18FE0BA500D6A098 /* bio */;
			targetProxy = C4E711A518FE0BA500D6A098 /* PBXContainerItemProxy */;
		};
/* End PBXTargetDependency section */

/* Begin PBXVariantGroup section */
		C4E7118B18FE0BA500D6A098 /* InfoPlist.strings */ = {
			isa = PBXVariantGroup;
			children = (
				C4E7118C18FE0BA500D6A098 /* en */,
			);
			name = InfoPlist.strings;
			sourceTree = "<group>";
		};
		C4E7119418FE0BA500D6A098 /* Main.storyboard */ = {
			isa = PBXVariantGroup;
			children = (
				C4E7119518FE0BA500D6A098 /* Base */,
			);
			name = Main.storyboard;
			sourceTree = "<group>";
		};
		C4E711AA18FE0BA500D6A098 /* InfoPlist.strings */ = {
			isa = PBXVariantGroup;
			children = (
				C4E711AB18FE0BA500D6A098 /* en */,
			);
			name = InfoPlist.strings;
			sourceTree = "<group>";
		};
/* End PBXVariantGroup section */

/* Begin XCBuildConfiguration section */
		C4E711AF18FE0BA500D6A098 /* Debug */ = {
			isa = XCBuildConfiguration;
			buildSettings = {
				ALWAYS_SEARCH_USER_PATHS = NO;
				CLANG_CXX_LANGUAGE_STANDARD = "gnu++0x";
				CLANG_CXX_LIBRARY = "libc++";
				CLANG_ENABLE_MODULES = YES;
				CLANG_ENABLE_OBJC_ARC = YES;
				CLANG_WARN_BOOL_CONVERSION = YES;
				CLANG_WARN_CONSTANT_CONVERSION = YES;
				CLANG_WARN_DIRECT_OBJC_ISA_USAGE = YES_ERROR;
				CLANG_WARN_EMPTY_BODY = YES;
				CLANG_WARN_ENUM_CONVERSION = YES;
				CLANG_WARN_INT_CONVERSION = YES;
				CLANG_WARN_OBJC_ROOT_CLASS = YES_ERROR;
				CLANG_WARN__DUPLICATE_METHOD_MATCH = YES;
				"CODE_SIGN_IDENTITY[sdk=iphoneos*]" = "iPhone Developer";
				COPY_PHASE_STRIP = NO;
				GCC_C_LANGUAGE_STANDARD = gnu99;
				GCC_DYNAMIC_NO_PIC = NO;
				GCC_OPTIMIZATION_LEVEL = 0;
				GCC_PREPROCESSOR_DEFINITIONS = (
					"DEBUG=1",
					"$(inherited)",
				);
				GCC_SYMBOLS_PRIVATE_EXTERN = NO;
				GCC_WARN_64_TO_32_BIT_CONVERSION = YES;
				GCC_WARN_ABOUT_RETURN_TYPE = YES_ERROR;
				GCC_WARN_UNDECLARED_SELECTOR = YES;
				GCC_WARN_UNINITIALIZED_AUTOS = YES_AGGRESSIVE;
				GCC_WARN_UNUSED_FUNCTION = YES;
				GCC_WARN_UNUSED_VARIABLE = YES;
				IPHONEOS_DEPLOYMENT_TARGET = 7.1;
				ONLY_ACTIVE_ARCH = YES;
				SDKROOT = iphoneos;
			};
			name = Debug;
		};
		C4E711B018FE0BA500D6A098 /* Release */ = {
			isa = XCBuildConfiguration;
			buildSettings = {
				ALWAYS_SEARCH_USER_PATHS = NO;
				CLANG_CXX_LANGUAGE_STANDARD = "gnu++0x";
				CLANG_CXX_LIBRARY = "libc++";
				CLANG_ENABLE_MODULES = YES;
				CLANG_ENABLE_OBJC_ARC = YES;
				CLANG_WARN_BOOL_CONVERSION = YES;
				CLANG_WARN_CONSTANT_CONVERSION = YES;
				CLANG_WARN_DIRECT_OBJC_ISA_USAGE = YES_ERROR;
				CLANG_WARN_EMPTY_BODY = YES;
				CLANG_WARN_ENUM_CONVERSION = YES;
				CLANG_WARN_INT_CONVERSION = YES;
				CLANG_WARN_OBJC_ROOT_CLASS = YES_ERROR;
				CLANG_WARN__DUPLICATE_METHOD_MATCH = YES;
				"CODE_SIGN_IDENTITY[sdk=iphoneos*]" = "iPhone Developer";
				COPY_PHASE_STRIP = YES;
				ENABLE_NS_ASSERTIONS = NO;
				GCC_C_LANGUAGE_STANDARD = gnu99;
				GCC_WARN_64_TO_32_BIT_CONVERSION = YES;
				GCC_WARN_ABOUT_RETURN_TYPE = YES_ERROR;
				GCC_WARN_UNDECLARED_SELECTOR = YES;
				GCC_WARN_UNINITIALIZED_AUTOS = YES_AGGRESSIVE;
				GCC_WARN_UNUSED_FUNCTION = YES;
				GCC_WARN_UNUSED_VARIABLE = YES;
				IPHONEOS_DEPLOYMENT_TARGET = 7.1;
				SDKROOT = iphoneos;
				VALIDATE_PRODUCT = YES;
			};
			name = Release;
		};
		C4E711B218FE0BA500D6A098 /* Debug */ = {
			isa = XCBuildConfiguration;
			buildSettings = {
				ASSETCATALOG_COMPILER_APPICON_NAME = AppIcon;
				ASSETCATALOG_COMPILER_LAUNCHIMAGE_NAME = LaunchImage;
				GCC_PRECOMPILE_PREFIX_HEADER = YES;
				GCC_PREFIX_HEADER = "bio/bio-Prefix.pch";
				INFOPLIST_FILE = "bio/bio-Info.plist";
				IPHONEOS_DEPLOYMENT_TARGET = 7.1;
				PRODUCT_NAME = "$(TARGET_NAME)";
				WRAPPER_EXTENSION = app;
			};
			name = Debug;
		};
		C4E711B318FE0BA500D6A098 /* Release */ = {
			isa = XCBuildConfiguration;
			buildSettings = {
				ASSETCATALOG_COMPILER_APPICON_NAME = AppIcon;
				ASSETCATALOG_COMPILER_LAUNCHIMAGE_NAME = LaunchImage;
				GCC_PRECOMPILE_PREFIX_HEADER = YES;
				GCC_PREFIX_HEADER = "bio/bio-Prefix.pch";
				INFOPLIST_FILE = "bio/bio-Info.plist";
				IPHONEOS_DEPLOYMENT_TARGET = 7.1;
				PRODUCT_NAME = "$(TARGET_NAME)";
				WRAPPER_EXTENSION = app;
			};
			name = Release;
		};
		C4E711B518FE0BA500D6A098 /* Debug */ = {
			isa = XCBuildConfiguration;
			buildSettings = {
				BUNDLE_LOADER = "$(BUILT_PRODUCTS_DIR)/bio.app/bio";
				FRAMEWORK_SEARCH_PATHS = (
					"$(SDKROOT)/Developer/Library/Frameworks",
					"$(inherited)",
					"$(DEVELOPER_FRAMEWORKS_DIR)",
				);
				GCC_PRECOMPILE_PREFIX_HEADER = YES;
				GCC_PREFIX_HEADER = "bio/bio-Prefix.pch";
				GCC_PREPROCESSOR_DEFINITIONS = (
					"DEBUG=1",
					"$(inherited)",
				);
				INFOPLIST_FILE = "bioTests/bioTests-Info.plist";
				PRODUCT_NAME = "$(TARGET_NAME)";
				TEST_HOST = "$(BUNDLE_LOADER)";
				WRAPPER_EXTENSION = xctest;
			};
			name = Debug;
		};
		C4E711B618FE0BA500D6A098 /* Release */ = {
			isa = XCBuildConfiguration;
			buildSettings = {
				BUNDLE_LOADER = "$(BUILT_PRODUCTS_DIR)/bio.app/bio";
				FRAMEWORK_SEARCH_PATHS = (
					"$(SDKROOT)/Developer/Library/Frameworks",
					"$(inherited)",
					"$(DEVELOPER_FRAMEWORKS_DIR)",
				);
				GCC_PRECOMPILE_PREFIX_HEADER = YES;
				GCC_PREFIX_HEADER = "bio/bio-Prefix.pch";
				INFOPLIST_FILE = "bioTests/bioTests-Info.plist";
				PRODUCT_NAME = "$(TARGET_NAME)";
				TEST_HOST = "$(BUNDLE_LOADER)";
				WRAPPER_EXTENSION = xctest;
			};
			name = Release;
		};
/* End XCBuildConfiguration section */

/* Begin XCConfigurationList section */
		C4E7117A18FE0BA500D6A098 /* Build configuration list for PBXProject "bio" */ = {
			isa = XCConfigurationList;
			buildConfigurations = (
				C4E711AF18FE0BA500D6A098 /* Debug */,
				C4E711B018FE0BA500D6A098 /* Release */,
			);
			defaultConfigurationIsVisible = 0;
			defaultConfigurationName = Release;
		};
		C4E711B118FE0BA500D6A098 /* Build configuration list for PBXNativeTarget "bio" */ = {
			isa = XCConfigurationList;
			buildConfigurations = (
				C4E711B218FE0BA500D6A098 /* Debug */,
				C4E711B318FE0BA500D6A098 /* Release */,
			);
			defaultConfigurationIsVisible = 0;
			defaultConfigurationName = Release;
		};
		C4E711B418FE0BA500D6A098 /* Build configuration list for PBXNativeTarget "bioTests" */ = {
			isa = XCConfigurationList;
			buildConfigurations = (
				C4E711B518FE0BA500D6A098 /* Debug */,
				C4E711B618FE0BA500D6A098 /* Release */,
			);
			defaultConfigurationIsVisible = 0;
			defaultConfigurationName = Release;
		};
/* End XCConfigurationList section */
	};
	rootObject = C4E7117718FE0BA500D6A098 /* Project object */;
}
